
Microsoft Visual Studio Solution File, Format Version 12.00
# Visual Studio 15
Project("{FAE04EC0-301F-11D3-BF4B-00C04F79EFBC}") = "Assembly-CSharp", "Assembly-CSharp.csproj", "{64D2273D-D7F2-80CB-8D3E-72D75265B738}"
EndProjec-Editor", "Assembly-CSharp-Editor.csproj", "-F634-4F8F-EC36-21724B361E2F}"
EndProject
Global
	GlobalSection(SolutionConfigurationPlatforms) = preSolution
		Debug|Any CPU = Debug|Any CPU
		Release|Any CPU = Release|Any CPU
	EndGlobalSection
	GlobalSection(ProjectConfigurationPlatforms) = postSolution
		Any CPU.ActiveCfg = Debug|Any CPU
		{64D2273D-D7F2-80CB-8D3E-72D75265B738}.Debug|Any CPU.Build.0 = Debug|Any CPU
		{64D2273D-D7F2-80CB-8D3E-72D75265B738}.Release|Any CPU.ActiveCfg = Release|Any CPU
		{64D2273D-D78}.Release|Any CPU.Buid.0 = Release|Any CPU
		{2B9943A6-F634-4F8F-EC36-21724B361E2F}.Debug|Any CPU.ActiveCfg = Debug|Any CPU
		{2B996-21724B361E2F}.Release|Any CPU.ActiveCfg = Release|Any CPU
		{2B9943A6-F634-4F8F-EC36-21724B361E2F}.Release|Any CPU.Build.0 = Release|Any CPU
	EndGlobalSection
	GlobalSection= preSolution
		HideSolutionNode = FALSE
	EndGlobalSection
EndGlobal
